{
  "pins" : [
    {
      "identity" : "wwroundedsegmentedcontrol",
      "kind" : "remoteSourceControl",
      "location" : "https://github.com/William-Weng/WWRoundedSegmentedControl",
      "state" : {
        "branch" : "main",
        "revision" : "51fb3a66127d6d2629d03b74c1b6b7f917e8c0c6"
      }
    }
  ],
  "version" : 2
}
