{
  "pins" : [
    {
      "identity" : "wwroundedsegmentedcontrol",
      "kind" : "remoteSourceControl",
      "location" : "https://github.com/William-Weng/WWRoundedSegmentedControl",
      "state" : {
        "revision" : "73e491be37fe8aa534456af56c43b114ef513a3c",
        "version" : "1.0.0"
      }
    }
  ],
  "version" : 2
}
